
Microsoft Visual Studio Solution File, Format Version 12.00
# Visual Studio 2013
VisualStudioVersion = 12.0.40629.0
MinimumVisualStudioVersion = 10.0.40219.1
Project("{FAE04EC0-301F-11D3-BF4B-00C04F79EFBC}") = "AGEPRO_GUI", "AGEPRO_GUI.csproj", "{732B55EB-A7EA-4F16-B91E-7FCBB40429A6}"
EndProject
Project("{54435603-DBB4-11D2-8724-00A0C9A8B90C}") = "AGEPRO_Installer", "..\AGEPRO_Installer\AGEPRO_Installer.vdproj", "{A5759C85-EEC0-4AE4-9A0E-4113AEBEF09F}"
EndProject
Global
	GlobalSection(SolutionConfigurationPlatforms) = preSolution
		Debug|Any CPU = Debug|Any CPU
		Release|Any CPU = Release|Any CPU
	EndGlobalSection
	GlobalSection(ProjectConfigurationPlatforms) = postSolution
		{732B55EB-A7EA-4F16-B91E-7FCBB40429A6}.Debug|Any CPU.ActiveCfg = Debug|Any CPU
		{732B55EB-A7EA-4F16-B91E-7FCBB40429A6}.Debug|Any CPU.Build.0 = Debug|Any CPU
		{732B55EB-A7EA-4F16-B91E-7FCBB40429A6}.Release|Any CPU.ActiveCfg = Release|Any CPU
		{732B55EB-A7EA-4F16-B91E-7FCBB40429A6}.Release|Any CPU.Build.0 = Release|Any CPU
		{A5759C85-EEC0-4AE4-9A0E-4113AEBEF09F}.Debug|Any CPU.ActiveCfg = Debug
		{A5759C85-EEC0-4AE4-9A0E-4113AEBEF09F}.Release|Any CPU.ActiveCfg = Release
	EndGlobalSection
	GlobalSection(SolutionProperties) = preSolution
		HideSolutionNode = FALSE
	EndGlobalSection
EndGlobal
